
Microsoft Visual Studio Solution File, Format Version 12.00
# Visual Studio 2013
VisualStudioVersion = 12.0.31101.0
MinimumVisualStudioVersion = 10.0.40219.1
Project("{FAE04EC0-301F-11D3-BF4B-00C04F79EFBC}") = "Cloud.WebApi", "Cloud.WebApi\Cloud.WebApi.csproj", "{79419DAA-C339-4697-9C70-212286458F2A}"
EndProject
Project("{FAE04EC0-301F-11D3-BF4B-00C04F79EFBC}") = "Cloud.Repositories", "Cloud.Repositories\Cloud.Repositories.csproj", "{A00A8EC7-1B30-42A9-BEA0-BAC63EF1EACF}"
EndProject
Project("{FAE04EC0-301F-11D3-BF4B-00C04F79EFBC}") = "Cloud.Web", "Cloud.Web\Cloud.Web.csproj", "{C96B40CD-E420-4B1E-A535-10925188B9A1}"
EndProject
Project("{FAE04EC0-301F-11D3-BF4B-00C04F79EFBC}") = "Cloud.Common", "Cloud.Common\Cloud.Common.csproj", "{8168B5E5-976C-4D63-8641-DD864B7D5673}"
EndProject
Project("{FAE04EC0-301F-11D3-BF4B-00C04F79EFBC}") = "Cloud.Storages", "Cloud.Storages\Cloud.Storages.csproj", "{A7077BAF-C941-49E9-8952-2BF55D5F8CAF}"
EndProject
Global
	GlobalSection(SolutionConfigurationPlatforms) = preSolution
		Debug|Any CPU = Debug|Any CPU
		Release|Any CPU = Release|Any CPU
	EndGlobalSection
	GlobalSection(ProjectConfigurationPlatforms) = postSolution
		{79419DAA-C339-4697-9C70-212286458F2A}.Debug|Any CPU.ActiveCfg = Debug|Any CPU
		{79419DAA-C339-4697-9C70-212286458F2A}.Debug|Any CPU.Build.0 = Debug|Any CPU
		{79419DAA-C339-4697-9C70-212286458F2A}.Release|Any CPU.ActiveCfg = Release|Any CPU
		{79419DAA-C339-4697-9C70-212286458F2A}.Release|Any CPU.Build.0 = Release|Any CPU
		{A00A8EC7-1B30-42A9-BEA0-BAC63EF1EACF}.Debug|Any CPU.ActiveCfg = Debug|Any CPU
		{A00A8EC7-1B30-42A9-BEA0-BAC63EF1EACF}.Debug|Any CPU.Build.0 = Debug|Any CPU
		{A00A8EC7-1B30-42A9-BEA0-BAC63EF1EACF}.Release|Any CPU.ActiveCfg = Release|Any CPU
		{A00A8EC7-1B30-42A9-BEA0-BAC63EF1EACF}.Release|Any CPU.Build.0 = Release|Any CPU
		{C96B40CD-E420-4B1E-A535-10925188B9A1}.Debug|Any CPU.ActiveCfg = Debug|Any CPU
		{C96B40CD-E420-4B1E-A535-10925188B9A1}.Debug|Any CPU.Build.0 = Debug|Any CPU
		{C96B40CD-E420-4B1E-A535-10925188B9A1}.Release|Any CPU.ActiveCfg = Release|Any CPU
		{C96B40CD-E420-4B1E-A535-10925188B9A1}.Release|Any CPU.Build.0 = Release|Any CPU
		{8168B5E5-976C-4D63-8641-DD864B7D5673}.Debug|Any CPU.ActiveCfg = Debug|Any CPU
		{8168B5E5-976C-4D63-8641-DD864B7D5673}.Debug|Any CPU.Build.0 = Debug|Any CPU
		{8168B5E5-976C-4D63-8641-DD864B7D5673}.Release|Any CPU.ActiveCfg = Release|Any CPU
		{8168B5E5-976C-4D63-8641-DD864B7D5673}.Release|Any CPU.Build.0 = Release|Any CPU
		{A7077BAF-C941-49E9-8952-2BF55D5F8CAF}.Debug|Any CPU.ActiveCfg = Debug|Any CPU
		{A7077BAF-C941-49E9-8952-2BF55D5F8CAF}.Debug|Any CPU.Build.0 = Debug|Any CPU
		{A7077BAF-C941-49E9-8952-2BF55D5F8CAF}.Release|Any CPU.ActiveCfg = Release|Any CPU
		{A7077BAF-C941-49E9-8952-2BF55D5F8CAF}.Release|Any CPU.Build.0 = Release|Any CPU
	EndGlobalSection
	GlobalSection(SolutionProperties) = preSolution
		HideSolutionNode = FALSE
	EndGlobalSection
EndGlobal
